
Microsoft Visual Studio Solution File, Format Version 12.00
# Visual Studio 14
VisualStudioVersion = 14.0.25123.0
MinimumVisualStudioVersion = 10.0.40219.1
Project("{FAE04EC0-301F-11D3-BF4B-00C04F79EFBC}") = "NorthwindDevExtremeWeb", "NorthwindDevExtremeWeb\NorthwindDevExtremeWeb.csproj", "{F6806474-8C69-408E-8F8E-1934B6BD1740}"
EndProject
Global
	GlobalSection(SolutionConfigurationPlatforms) = preSolution
		Debug|Any CPU = Debug|Any CPU
		Release|Any CPU = Release|Any CPU
	EndGlobalSection
	GlobalSection(ProjectConfigurationPlatforms) = postSolution
		{F6806474-8C69-408E-8F8E-1934B6BD1740}.Debug|Any CPU.ActiveCfg = Debug|Any CPU
		{F6806474-8C69-408E-8F8E-1934B6BD1740}.Debug|Any CPU.Build.0 = Debug|Any CPU
		{F6806474-8C69-408E-8F8E-1934B6BD1740}.Release|Any CPU.ActiveCfg = Release|Any CPU
		{F6806474-8C69-408E-8F8E-1934B6BD1740}.Release|Any CPU.Build.0 = Release|Any CPU
	EndGlobalSection
	GlobalSection(SolutionProperties) = preSolution
		HideSolutionNode = FALSE
	EndGlobalSection
EndGlobal
